
Microsoft Visual Studio Solution File, Format Version 12.00
# Visual Studio 15
VisualStudioVersion = 15.0.28307.106
MinimumVisualStudioVersion = 10.0.40219.1
Project("{FAE04EC0-301F-11D3-BF4B-00C04F79EFBC}") = "GeoStore", "GeoStore\GeoStore.csproj", "{F8EC75EB-E6E4-455A-B8D8-3120CACDD4FD}"
EndProject
Project("{FAE04EC0-301F-11D3-BF4B-00C04F79EFBC}") = "DataLayer", "DataLayer\DataLayer.csproj", "{EF729C91-958C-486F-B3C1-BF7CA24DEA23}"
EndProject
Global
	GlobalSection(SolutionConfigurationPlatforms) = preSolution
		Debug|Any CPU = Debug|Any CPU
		Release|Any CPU = Release|Any CPU
	EndGlobalSection
	GlobalSection(ProjectConfigurationPlatforms) = postSolution
		{F8EC75EB-E6E4-455A-B8D8-3120CACDD4FD}.Debug|Any CPU.ActiveCfg = Debug|Any CPU
		{F8EC75EB-E6E4-455A-B8D8-3120CACDD4FD}.Debug|Any CPU.Build.0 = Debug|Any CPU
		{F8EC75EB-E6E4-455A-B8D8-3120CACDD4FD}.Release|Any CPU.ActiveCfg = Release|Any CPU
		{F8EC75EB-E6E4-455A-B8D8-3120CACDD4FD}.Release|Any CPU.Build.0 = Release|Any CPU
		{EF729C91-958C-486F-B3C1-BF7CA24DEA23}.Debug|Any CPU.ActiveCfg = Debug|Any CPU
		{EF729C91-958C-486F-B3C1-BF7CA24DEA23}.Debug|Any CPU.Build.0 = Debug|Any CPU
		{EF729C91-958C-486F-B3C1-BF7CA24DEA23}.Release|Any CPU.ActiveCfg = Release|Any CPU
		{EF729C91-958C-486F-B3C1-BF7CA24DEA23}.Release|Any CPU.Build.0 = Release|Any CPU
	EndGlobalSection
	GlobalSection(SolutionProperties) = preSolution
		HideSolutionNode = FALSE
	EndGlobalSection
	GlobalSection(ExtensibilityGlobals) = postSolution
		SolutionGuid = {2B3F5ED2-4448-43FB-B379-E73A9300EBAC}
	EndGlobalSection
EndGlobal
